
Microsoft Visual Studio Solution File, Format Version 12.00
# Visual Studio 14
VisualStudioVersion = 14.0.25420.1
MinimumVisualStudioVersion = 10.0.40219.1
Project("{8BC9CEB8-8B4A-11D0-8D11-00A0C91BC942}") = "setup_server", "setup_server\setup_server.vcxproj", "{4A74C680-A2B5-4012-85C4-50EE94076905}"
	ProjectSection(ProjectDependencies) = postProject
		{3E149106-9A89-4B2D-A150-87AFE9E0E0E5} = {3E149106-9A89-4B2D-A150-87AFE9E0E0E5}
		{A860A909-2C39-4AA1-8158-92A78378E56D} = {A860A909-2C39-4AA1-8158-92A78378E56D}
		{86F80C5A-8829-40B5-A65D-3FED141AD183} = {86F80C5A-8829-40B5-A65D-3FED141AD183}
	EndProjectSection
EndProject
Project("{8BC9CEB8-8B4A-11D0-8D11-00A0C91BC942}") = "UsbService", "Application\UsbService\UsbService.vcxproj", "{5530D57F-5CF1-44A4-86A9-7A1074D676A9}"
EndProject
Project("{8BC9CEB8-8B4A-11D0-8D11-00A0C91BC942}") = "u2ec_static", "Application\u2ec\u2ec_static.vcxproj", "{CC13C729-5A44-437F-839C-A3FA631D6E85}"
EndProject
Project("{8BC9CEB8-8B4A-11D0-8D11-00A0C91BC942}") = "zlib", "Application\zlib\zlib.vcxproj", "{A29EA26B-6EFC-4160-91C4-6B10033EA2DD}"
EndProject
Project("{8BC9CEB8-8B4A-11D0-8D11-00A0C91BC942}") = "Core", "Drivers\Core\Driver_Core.vcxproj", "{F0FCF57B-C4D8-4C2D-A000-B0DEDF5E500C}"
EndProject
Project("{8BC9CEB8-8B4A-11D0-8D11-00A0C91BC942}") = "vuhub", "Drivers\vuhub\vuhub.vcxproj", "{3E149106-9A89-4B2D-A150-87AFE9E0E0E5}"
	ProjectSection(ProjectDependencies) = postProject
		{F0FCF57B-C4D8-4C2D-A000-B0DEDF5E500C} = {F0FCF57B-C4D8-4C2D-A000-B0DEDF5E500C}
	EndProjectSection
EndProject
Project("{8BC9CEB8-8B4A-11D0-8D11-00A0C91BC942}") = "fusbhub", "Drivers\fusbhub\fusbhub.vcxproj", "{A860A909-2C39-4AA1-8158-92A78378E56D}"
	ProjectSection(ProjectDependencies) = postProject
		{F0FCF57B-C4D8-4C2D-A000-B0DEDF5E500C} = {F0FCF57B-C4D8-4C2D-A000-B0DEDF5E500C}
	EndProjectSection
EndProject
Project("{8BC9CEB8-8B4A-11D0-8D11-00A0C91BC942}") = "eusbstub", "Drivers\eusbstub\eusbstub.vcxproj", "{86F80C5A-8829-40B5-A65D-3FED141AD183}"
	ProjectSection(ProjectDependencies) = postProject
		{F0FCF57B-C4D8-4C2D-A000-B0DEDF5E500C} = {F0FCF57B-C4D8-4C2D-A000-B0DEDF5E500C}
	EndProjectSection
EndProject
Project("{8BC9CEB8-8B4A-11D0-8D11-00A0C91BC942}") = "drvpkg", "drvpkg\drvpkg.vcxproj", "{A8402946-7D90-4A91-A3F7-AA780D688E01}"
EndProject
Global
	GlobalSection(SolutionConfigurationPlatforms) = preSolution
		Debug|ARM = Debug|ARM
		Debug|ARM64 = Debug|ARM64
		Debug|x64 = Debug|x64
		Debug|x86 = Debug|x86
		Release|ARM = Release|ARM
		Release|ARM64 = Release|ARM64
		Release|x64 = Release|x64
		Release|x86 = Release|x86
	EndGlobalSection
	GlobalSection(ProjectConfigurationPlatforms) = postSolution
		{4A74C680-A2B5-4012-85C4-50EE94076905}.Debug|ARM.ActiveCfg = Debug|Win32
		{4A74C680-A2B5-4012-85C4-50EE94076905}.Debug|ARM64.ActiveCfg = Debug|Win32
		{4A74C680-A2B5-4012-85C4-50EE94076905}.Debug|x64.ActiveCfg = Debug|x64
		{4A74C680-A2B5-4012-85C4-50EE94076905}.Debug|x64.Build.0 = Debug|x64
		{4A74C680-A2B5-4012-85C4-50EE94076905}.Debug|x86.ActiveCfg = Debug|Win32
		{4A74C680-A2B5-4012-85C4-50EE94076905}.Debug|x86.Build.0 = Debug|Win32
		{4A74C680-A2B5-4012-85C4-50EE94076905}.Release|ARM.ActiveCfg = Release|Win32
		{4A74C680-A2B5-4012-85C4-50EE94076905}.Release|ARM64.ActiveCfg = Release|Win32
		{4A74C680-A2B5-4012-85C4-50EE94076905}.Release|x64.ActiveCfg = Release|x64
		{4A74C680-A2B5-4012-85C4-50EE94076905}.Release|x64.Build.0 = Release|x64
		{4A74C680-A2B5-4012-85C4-50EE94076905}.Release|x86.ActiveCfg = Release|Win32
		{4A74C680-A2B5-4012-85C4-50EE94076905}.Release|x86.Build.0 = Release|Win32
		{5530D57F-5CF1-44A4-86A9-7A1074D676A9}.Debug|ARM.ActiveCfg = Debug|Win32
		{5530D57F-5CF1-44A4-86A9-7A1074D676A9}.Debug|ARM64.ActiveCfg = Debug|Win32
		{5530D57F-5CF1-44A4-86A9-7A1074D676A9}.Debug|x64.ActiveCfg = Debug|x64
		{5530D57F-5CF1-44A4-86A9-7A1074D676A9}.Debug|x64.Build.0 = Debug|x64
		{5530D57F-5CF1-44A4-86A9-7A1074D676A9}.Debug|x86.ActiveCfg = Debug|Win32
		{5530D57F-5CF1-44A4-86A9-7A1074D676A9}.Debug|x86.Build.0 = Debug|Win32
		{5530D57F-5CF1-44A4-86A9-7A1074D676A9}.Release|ARM.ActiveCfg = Release|Win32
		{5530D57F-5CF1-44A4-86A9-7A1074D676A9}.Release|ARM64.ActiveCfg = Release|Win32
		{5530D57F-5CF1-44A4-86A9-7A1074D676A9}.Release|x64.ActiveCfg = Release|x64
		{5530D57F-5CF1-44A4-86A9-7A1074D676A9}.Release|x64.Build.0 = Release|x64
		{5530D57F-5CF1-44A4-86A9-7A1074D676A9}.Release|x86.ActiveCfg = Release|Win32
		{5530D57F-5CF1-44A4-86A9-7A1074D676A9}.Release|x86.Build.0 = Release|Win32
		{CC13C729-5A44-437F-839C-A3FA631D6E85}.Debug|ARM.ActiveCfg = Debug|Win32
		{CC13C729-5A44-437F-839C-A3FA631D6E85}.Debug|ARM64.ActiveCfg = Debug|Win32
		{CC13C729-5A44-437F-839C-A3FA631D6E85}.Debug|x64.ActiveCfg = Debug|x64
		{CC13C729-5A44-437F-839C-A3FA631D6E85}.Debug|x64.Build.0 = Debug|x64
		{CC13C729-5A44-437F-839C-A3FA631D6E85}.Debug|x86.ActiveCfg = Debug|Win32
		{CC13C729-5A44-437F-839C-A3FA631D6E85}.Debug|x86.Build.0 = Debug|Win32
		{CC13C729-5A44-437F-839C-A3FA631D6E85}.Release|ARM.ActiveCfg = Release|Win32
		{CC13C729-5A44-437F-839C-A3FA631D6E85}.Release|ARM64.ActiveCfg = Release|Win32
		{CC13C729-5A44-437F-839C-A3FA631D6E85}.Release|x64.ActiveCfg = Release|x64
		{CC13C729-5A44-437F-839C-A3FA631D6E85}.Release|x64.Build.0 = Release|x64
		{CC13C729-5A44-437F-839C-A3FA631D6E85}.Release|x86.ActiveCfg = Release|Win32
		{CC13C729-5A44-437F-839C-A3FA631D6E85}.Release|x86.Build.0 = Release|Win32
		{A29EA26B-6EFC-4160-91C4-6B10033EA2DD}.Debug|ARM.ActiveCfg = Debug|Win32
		{A29EA26B-6EFC-4160-91C4-6B10033EA2DD}.Debug|ARM64.ActiveCfg = Debug|Win32
		{A29EA26B-6EFC-4160-91C4-6B10033EA2DD}.Debug|x64.ActiveCfg = Debug|x64
		{A29EA26B-6EFC-4160-91C4-6B10033EA2DD}.Debug|x64.Build.0 = Debug|x64
		{A29EA26B-6EFC-4160-91C4-6B10033EA2DD}.Debug|x86.ActiveCfg = Debug|Win32
		{A29EA26B-6EFC-4160-91C4-6B10033EA2DD}.Debug|x86.Build.0 = Debug|Win32
		{A29EA26B-6EFC-4160-91C4-6B10033EA2DD}.Release|ARM.ActiveCfg = Release|Win32
		{A29EA26B-6EFC-4160-91C4-6B10033EA2DD}.Release|ARM64.ActiveCfg = Release|Win32
		{A29EA26B-6EFC-4160-91C4-6B10033EA2DD}.Release|x64.ActiveCfg = Release|x64
		{A29EA26B-6EFC-4160-91C4-6B10033EA2DD}.Release|x64.Build.0 = Release|x64
		{A29EA26B-6EFC-4160-91C4-6B10033EA2DD}.Release|x86.ActiveCfg = Release|Win32
		{A29EA26B-6EFC-4160-91C4-6B10033EA2DD}.Release|x86.Build.0 = Release|Win32
		{F0FCF57B-C4D8-4C2D-A000-B0DEDF5E500C}.Debug|ARM.ActiveCfg = Debug|ARM
		{F0FCF57B-C4D8-4C2D-A000-B0DEDF5E500C}.Debug|ARM.Build.0 = Debug|ARM
		{F0FCF57B-C4D8-4C2D-A000-B0DEDF5E500C}.Debug|ARM.Deploy.0 = Debug|ARM
		{F0FCF57B-C4D8-4C2D-A000-B0DEDF5E500C}.Debug|ARM64.ActiveCfg = Debug|ARM64
		{F0FCF57B-C4D8-4C2D-A000-B0DEDF5E500C}.Debug|ARM64.Build.0 = Debug|ARM64
		{F0FCF57B-C4D8-4C2D-A000-B0DEDF5E500C}.Debug|ARM64.Deploy.0 = Debug|ARM64
		{F0FCF57B-C4D8-4C2D-A000-B0DEDF5E500C}.Debug|x64.ActiveCfg = Debug|x64
		{F0FCF57B-C4D8-4C2D-A000-B0DEDF5E500C}.Debug|x64.Build.0 = Debug|x64
		{F0FCF57B-C4D8-4C2D-A000-B0DEDF5E500C}.Debug|x64.Deploy.0 = Debug|x64
		{F0FCF57B-C4D8-4C2D-A000-B0DEDF5E500C}.Debug|x86.ActiveCfg = Debug|Win32
		{F0FCF57B-C4D8-4C2D-A000-B0DEDF5E500C}.Debug|x86.Build.0 = Debug|Win32
		{F0FCF57B-C4D8-4C2D-A000-B0DEDF5E500C}.Debug|x86.Deploy.0 = Debug|Win32
		{F0FCF57B-C4D8-4C2D-A000-B0DEDF5E500C}.Release|ARM.ActiveCfg = Release|ARM
		{F0FCF57B-C4D8-4C2D-A000-B0DEDF5E500C}.Release|ARM.Build.0 = Release|ARM
		{F0FCF57B-C4D8-4C2D-A000-B0DEDF5E500C}.Release|ARM.Deploy.0 = Release|ARM
		{F0FCF57B-C4D8-4C2D-A000-B0DEDF5E500C}.Release|ARM64.ActiveCfg = Release|ARM64
		{F0FCF57B-C4D8-4C2D-A000-B0DEDF5E500C}.Release|ARM64.Build.0 = Release|ARM64
		{F0FCF57B-C4D8-4C2D-A000-B0DEDF5E500C}.Release|ARM64.Deploy.0 = Release|ARM64
		{F0FCF57B-C4D8-4C2D-A000-B0DEDF5E500C}.Release|x64.ActiveCfg = Release|x64
		{F0FCF57B-C4D8-4C2D-A000-B0DEDF5E500C}.Release|x64.Build.0 = Release|x64
		{F0FCF57B-C4D8-4C2D-A000-B0DEDF5E500C}.Release|x64.Deploy.0 = Release|x64
		{F0FCF57B-C4D8-4C2D-A000-B0DEDF5E500C}.Release|x86.ActiveCfg = Release|Win32
		{F0FCF57B-C4D8-4C2D-A000-B0DEDF5E500C}.Release|x86.Build.0 = Release|Win32
		{F0FCF57B-C4D8-4C2D-A000-B0DEDF5E500C}.Release|x86.Deploy.0 = Release|Win32
		{3E149106-9A89-4B2D-A150-87AFE9E0E0E5}.Debug|ARM.ActiveCfg = Debug|ARM
		{3E149106-9A89-4B2D-A150-87AFE9E0E0E5}.Debug|ARM.Build.0 = Debug|ARM
		{3E149106-9A89-4B2D-A150-87AFE9E0E0E5}.Debug|ARM.Deploy.0 = Debug|ARM
		{3E149106-9A89-4B2D-A150-87AFE9E0E0E5}.Debug|ARM64.ActiveCfg = Debug|ARM64
		{3E149106-9A89-4B2D-A150-87AFE9E0E0E5}.Debug|ARM64.Build.0 = Debug|ARM64
		{3E149106-9A89-4B2D-A150-87AFE9E0E0E5}.Debug|ARM64.Deploy.0 = Debug|ARM64
		{3E149106-9A89-4B2D-A150-87AFE9E0E0E5}.Debug|x64.ActiveCfg = Debug|x64
		{3E149106-9A89-4B2D-A150-87AFE9E0E0E5}.Debug|x64.Build.0 = Debug|x64
		{3E149106-9A89-4B2D-A150-87AFE9E0E0E5}.Debug|x64.Deploy.0 = Debug|x64
		{3E149106-9A89-4B2D-A150-87AFE9E0E0E5}.Debug|x86.ActiveCfg = Debug|Win32
		{3E149106-9A89-4B2D-A150-87AFE9E0E0E5}.Debug|x86.Build.0 = Debug|Win32
		{3E149106-9A89-4B2D-A150-87AFE9E0E0E5}.Debug|x86.Deploy.0 = Debug|Win32
		{3E149106-9A89-4B2D-A150-87AFE9E0E0E5}.Release|ARM.ActiveCfg = Release|ARM
		{3E149106-9A89-4B2D-A150-87AFE9E0E0E5}.Release|ARM.Build.0 = Release|ARM
		{3E149106-9A89-4B2D-A150-87AFE9E0E0E5}.Release|ARM.Deploy.0 = Release|ARM
		{3E149106-9A89-4B2D-A150-87AFE9E0E0E5}.Release|ARM64.ActiveCfg = Release|ARM64
		{3E149106-9A89-4B2D-A150-87AFE9E0E0E5}.Release|ARM64.Build.0 = Release|ARM64
		{3E149106-9A89-4B2D-A150-87AFE9E0E0E5}.Release|ARM64.Deploy.0 = Release|ARM64
		{3E149106-9A89-4B2D-A150-87AFE9E0E0E5}.Release|x64.ActiveCfg = Release|x64
		{3E149106-9A89-4B2D-A150-87AFE9E0E0E5}.Release|x64.Build.0 = Release|x64
		{3E149106-9A89-4B2D-A150-87AFE9E0E0E5}.Release|x64.Deploy.0 = Release|x64
		{3E149106-9A89-4B2D-A150-87AFE9E0E0E5}.Release|x86.ActiveCfg = Release|Win32
		{3E149106-9A89-4B2D-A150-87AFE9E0E0E5}.Release|x86.Build.0 = Release|Win32
		{3E149106-9A89-4B2D-A150-87AFE9E0E0E5}.Release|x86.Deploy.0 = Release|Win32
		{A860A909-2C39-4AA1-8158-92A78378E56D}.Debug|ARM.ActiveCfg = Debug|ARM
		{A860A909-2C39-4AA1-8158-92A78378E56D}.Debug|ARM.Build.0 = Debug|ARM
		{A860A909-2C39-4AA1-8158-92A78378E56D}.Debug|ARM.Deploy.0 = Debug|ARM
		{A860A909-2C39-4AA1-8158-92A78378E56D}.Debug|ARM64.ActiveCfg = Debug|ARM64
		{A860A909-2C39-4AA1-8158-92A78378E56D}.Debug|ARM64.Build.0 = Debug|ARM64
		{A860A909-2C39-4AA1-8158-92A78378E56D}.Debug|ARM64.Deploy.0 = Debug|ARM64
		{A860A909-2C39-4AA1-8158-92A78378E56D}.Debug|x64.ActiveCfg = Debug|x64
		{A860A909-2C39-4AA1-8158-92A78378E56D}.Debug|x64.Build.0 = Debug|x64
		{A860A909-2C39-4AA1-8158-92A78378E56D}.Debug|x64.Deploy.0 = Debug|x64
		{A860A909-2C39-4AA1-8158-92A78378E56D}.Debug|x86.ActiveCfg = Debug|Win32
		{A860A909-2C39-4AA1-8158-92A78378E56D}.Debug|x86.Build.0 = Debug|Win32
		{A860A909-2C39-4AA1-8158-92A78378E56D}.Debug|x86.Deploy.0 = Debug|Win32
		{A860A909-2C39-4AA1-8158-92A78378E56D}.Release|ARM.ActiveCfg = Release|ARM
		{A860A909-2C39-4AA1-8158-92A78378E56D}.Release|ARM.Build.0 = Release|ARM
		{A860A909-2C39-4AA1-8158-92A78378E56D}.Release|ARM.Deploy.0 = Release|ARM
		{A860A909-2C39-4AA1-8158-92A78378E56D}.Release|ARM64.ActiveCfg = Release|ARM64
		{A860A909-2C39-4AA1-8158-92A78378E56D}.Release|ARM64.Build.0 = Release|ARM64
		{A860A909-2C39-4AA1-8158-92A78378E56D}.Release|ARM64.Deploy.0 = Release|ARM64
		{A860A909-2C39-4AA1-8158-92A78378E56D}.Release|x64.ActiveCfg = Release|x64
		{A860A909-2C39-4AA1-8158-92A78378E56D}.Release|x64.Build.0 = Release|x64
		{A860A909-2C39-4AA1-8158-92A78378E56D}.Release|x64.Deploy.0 = Release|x64
		{A860A909-2C39-4AA1-8158-92A78378E56D}.Release|x86.ActiveCfg = Release|Win32
		{A860A909-2C39-4AA1-8158-92A78378E56D}.Release|x86.Build.0 = Release|Win32
		{A860A909-2C39-4AA1-8158-92A78378E56D}.Release|x86.Deploy.0 = Release|Win32
		{86F80C5A-8829-40B5-A65D-3FED141AD183}.Debug|ARM.ActiveCfg = Debug|ARM
		{86F80C5A-8829-40B5-A65D-3FED141AD183}.Debug|ARM.Build.0 = Debug|ARM
		{86F80C5A-8829-40B5-A65D-3FED141AD183}.Debug|ARM.Deploy.0 = Debug|ARM
		{86F80C5A-8829-40B5-A65D-3FED141AD183}.Debug|ARM64.ActiveCfg = Debug|ARM64
		{86F80C5A-8829-40B5-A65D-3FED141AD183}.Debug|ARM64.Build.0 = Debug|ARM64
		{86F80C5A-8829-40B5-A65D-3FED141AD183}.Debug|ARM64.Deploy.0 = Debug|ARM64
		{86F80C5A-8829-40B5-A65D-3FED141AD183}.Debug|x64.ActiveCfg = Debug|x64
		{86F80C5A-8829-40B5-A65D-3FED141AD183}.Debug|x64.Build.0 = Debug|x64
		{86F80C5A-8829-40B5-A65D-3FED141AD183}.Debug|x64.Deploy.0 = Debug|x64
		{86F80C5A-8829-40B5-A65D-3FED141AD183}.Debug|x86.ActiveCfg = Debug|Win32
		{86F80C5A-8829-40B5-A65D-3FED141AD183}.Debug|x86.Build.0 = Debug|Win32
		{86F80C5A-8829-40B5-A65D-3FED141AD183}.Debug|x86.Deploy.0 = Debug|Win32
		{86F80C5A-8829-40B5-A65D-3FED141AD183}.Release|ARM.ActiveCfg = Release|ARM
		{86F80C5A-8829-40B5-A65D-3FED141AD183}.Release|ARM.Build.0 = Release|ARM
		{86F80C5A-8829-40B5-A65D-3FED141AD183}.Release|ARM.Deploy.0 = Release|ARM
		{86F80C5A-8829-40B5-A65D-3FED141AD183}.Release|ARM64.ActiveCfg = Release|ARM64
		{86F80C5A-8829-40B5-A65D-3FED141AD183}.Release|ARM64.Build.0 = Release|ARM64
		{86F80C5A-8829-40B5-A65D-3FED141AD183}.Release|ARM64.Deploy.0 = Release|ARM64
		{86F80C5A-8829-40B5-A65D-3FED141AD183}.Release|x64.ActiveCfg = Release|x64
		{86F80C5A-8829-40B5-A65D-3FED141AD183}.Release|x64.Build.0 = Release|x64
		{86F80C5A-8829-40B5-A65D-3FED141AD183}.Release|x64.Deploy.0 = Release|x64
		{86F80C5A-8829-40B5-A65D-3FED141AD183}.Release|x86.ActiveCfg = Release|Win32
		{86F80C5A-8829-40B5-A65D-3FED141AD183}.Release|x86.Build.0 = Release|Win32
		{86F80C5A-8829-40B5-A65D-3FED141AD183}.Release|x86.Deploy.0 = Release|Win32
		{A8402946-7D90-4A91-A3F7-AA780D688E01}.Debug|ARM.ActiveCfg = Debug|ARM
		{A8402946-7D90-4A91-A3F7-AA780D688E01}.Debug|ARM.Build.0 = Debug|ARM
		{A8402946-7D90-4A91-A3F7-AA780D688E01}.Debug|ARM.Deploy.0 = Debug|ARM
		{A8402946-7D90-4A91-A3F7-AA780D688E01}.Debug|ARM64.ActiveCfg = Debug|ARM64
		{A8402946-7D90-4A91-A3F7-AA780D688E01}.Debug|ARM64.Build.0 = Debug|ARM64
		{A8402946-7D90-4A91-A3F7-AA780D688E01}.Debug|ARM64.Deploy.0 = Debug|ARM64
		{A8402946-7D90-4A91-A3F7-AA780D688E01}.Debug|x64.ActiveCfg = Debug|x64
		{A8402946-7D90-4A91-A3F7-AA780D688E01}.Debug|x64.Build.0 = Debug|x64
		{A8402946-7D90-4A91-A3F7-AA780D688E01}.Debug|x64.Deploy.0 = Debug|x64
		{A8402946-7D90-4A91-A3F7-AA780D688E01}.Debug|x86.ActiveCfg = Debug|Win32
		{A8402946-7D90-4A91-A3F7-AA780D688E01}.Debug|x86.Build.0 = Debug|Win32
		{A8402946-7D90-4A91-A3F7-AA780D688E01}.Debug|x86.Deploy.0 = Debug|Win32
		{A8402946-7D90-4A91-A3F7-AA780D688E01}.Release|ARM.ActiveCfg = Release|ARM
		{A8402946-7D90-4A91-A3F7-AA780D688E01}.Release|ARM.Build.0 = Release|ARM
		{A8402946-7D90-4A91-A3F7-AA780D688E01}.Release|ARM.Deploy.0 = Release|ARM
		{A8402946-7D90-4A91-A3F7-AA780D688E01}.Release|ARM64.ActiveCfg = Release|ARM64
		{A8402946-7D90-4A91-A3F7-AA780D688E01}.Release|ARM64.Build.0 = Release|ARM64
		{A8402946-7D90-4A91-A3F7-AA780D688E01}.Release|ARM64.Deploy.0 = Release|ARM64
		{A8402946-7D90-4A91-A3F7-AA780D688E01}.Release|x64.ActiveCfg = Release|x64
		{A8402946-7D90-4A91-A3F7-AA780D688E01}.Release|x64.Build.0 = Release|x64
		{A8402946-7D90-4A91-A3F7-AA780D688E01}.Release|x64.Deploy.0 = Release|x64
		{A8402946-7D90-4A91-A3F7-AA780D688E01}.Release|x86.ActiveCfg = Release|Win32
		{A8402946-7D90-4A91-A3F7-AA780D688E01}.Release|x86.Build.0 = Release|Win32
		{A8402946-7D90-4A91-A3F7-AA780D688E01}.Release|x86.Deploy.0 = Release|Win32
	EndGlobalSection
	GlobalSection(SolutionProperties) = preSolution
		HideSolutionNode = FALSE
	EndGlobalSection
EndGlobal
