<?xml version="1.0" encoding="utf-8"?>
<Project ToolsVersion="4.0" xmlns="http://schemas.microsoft.com/developer/msbuild/2003">
  <ItemGroup>
    <Filter Include="Source Files">
      <UniqueIdentifier>{e2e4310b-7cd4-4ff5-b74a-1be13847b825}</UniqueIdentifier>
      <Extensions>cpp;c;cxx;def;odl;idl;hpj;bat;asm</Extensions>
    </Filter>
    <Filter Include="Header Files">
      <UniqueIdentifier>{ddfedc91-74c1-4e44-a4ea-00eada4164b2}</UniqueIdentifier>
      <Extensions>h;hpp;hxx;hm;inl;inc</Extensions>
    </Filter>
    <Filter Include="Resource Files">
      <UniqueIdentifier>{a6456fd6-9806-4496-b8c4-b714511eaf5e}</UniqueIdentifier>
      <Extensions>rc;ico;cur;bmp;dlg;rc2;rct;bin;rgs;gif;jpg;jpeg;jpe</Extensions>
    </Filter>
  </ItemGroup>
  <ItemGroup>
    <ClCompile Include="AttachFilter.cpp">
      <Filter>Source Files</Filter>
    </ClCompile>
    <ClCompile Include="..\Application\Consts\Consts.cpp">
      <Filter>Source Files</Filter>
    </ClCompile>
    <ClCompile Include="exename.cpp">
      <Filter>Source Files</Filter>
    </ClCompile>
    <ClCompile Include="FileVersionInfo.cpp">
      <Filter>Source Files</Filter>
    </ClCompile>
    <ClCompile Include="ManagerService.cpp">
      <Filter>Source Files</Filter>
    </ClCompile>
    <ClCompile Include="reg_token_array.cpp">
      <Filter>Source Files</Filter>
    </ClCompile>
    <ClCompile Include="setup_server.cpp">
      <Filter>Source Files</Filter>
    </ClCompile>
    <ClCompile Include="stdafx.cpp">
      <Filter>Source Files</Filter>
    </ClCompile>
    <ClCompile Include="StringUtils.cpp">
      <Filter>Source Files</Filter>
    </ClCompile>
    <ClCompile Include="..\Application\Consts\System.cpp">
      <Filter>Source Files</Filter>
    </ClCompile>
    <ClCompile Include="..\Application\Consts\UngNetSettings.cpp">
      <Filter>Source Files</Filter>
    </ClCompile>
    <ClCompile Include="..\Application\Consts\UsbDevInfo.cpp">
      <Filter>Source Files</Filter>
    </ClCompile>
  </ItemGroup>
  <ItemGroup>
    <ClInclude Include="AttachFilter.h">
      <Filter>Header Files</Filter>
    </ClInclude>
    <ClInclude Include="..\Application\Consts\Consts.h">
      <Filter>Header Files</Filter>
    </ClInclude>
    <ClInclude Include="exename.h">
      <Filter>Header Files</Filter>
    </ClInclude>
    <ClInclude Include="FileVersionInfo.h">
      <Filter>Header Files</Filter>
    </ClInclude>
    <ClInclude Include="ManagerService.h">
      <Filter>Header Files</Filter>
    </ClInclude>
    <ClInclude Include="reg_token_array.h">
      <Filter>Header Files</Filter>
    </ClInclude>
    <ClInclude Include="reg_token_cfg.h">
      <Filter>Header Files</Filter>
    </ClInclude>
    <ClInclude Include="resource.h">
      <Filter>Header Files</Filter>
    </ClInclude>
    <ClInclude Include="setup_server.h">
      <Filter>Header Files</Filter>
    </ClInclude>
    <ClInclude Include="stdafx.h">
      <Filter>Header Files</Filter>
    </ClInclude>
    <ClInclude Include="StringUtils.h">
      <Filter>Header Files</Filter>
    </ClInclude>
    <ClInclude Include="..\Application\Consts\System.h">
      <Filter>Header Files</Filter>
    </ClInclude>
    <ClInclude Include="..\Application\Consts\UngNetSettings.h">
      <Filter>Header Files</Filter>
    </ClInclude>
    <ClInclude Include="..\Application\Consts\UsbDevInfo.h">
      <Filter>Header Files</Filter>
    </ClInclude>
  </ItemGroup>
  <ItemGroup>
    <ResourceCompile Include="setup_server.rc">
      <Filter>Resource Files</Filter>
    </ResourceCompile>
  </ItemGroup>
  <ItemGroup>
    <None Include="ReadMe.txt" />
  </ItemGroup>
  <ItemGroup>
    <Manifest Include="setup_server.manifest" />
  </ItemGroup>
</Project>