<?xml version="1.0" encoding="utf-8"?>
<Project ToolsVersion="4.0" xmlns="http://schemas.microsoft.com/developer/msbuild/2003">
  <ItemGroup>
    <Filter Include="Source Files">
      <UniqueIdentifier>{4FC737F1-C7A5-4376-A066-2A32D752A2FF}</UniqueIdentifier>
      <Extensions>cpp;c;cc;cxx;def;odl;idl;hpj;bat;asm;asmx</Extensions>
    </Filter>
    <Filter Include="Header Files">
      <UniqueIdentifier>{93995380-89BD-4b04-88EB-625FBE52EBFB}</UniqueIdentifier>
      <Extensions>h;hpp;hxx;hm;inl;inc;xsd</Extensions>
    </Filter>
    <Filter Include="Resource Files">
      <UniqueIdentifier>{67DA6AB6-F800-4c08-8B7A-83BB121AAD01}</UniqueIdentifier>
      <Extensions>rc;ico;cur;bmp;dlg;rc2;rct;bin;rgs;gif;jpg;jpeg;jpe;resx;tiff;tif;png;wav;mfcribbon-ms</Extensions>
    </Filter>
  </ItemGroup>
  <ItemGroup>
    <ClCompile Include="ArrayT.cpp">
      <Filter>Source Files</Filter>
    </ClCompile>
    <ClCompile Include="BaseClass.cpp">
      <Filter>Source Files</Filter>
    </ClCompile>
    <ClCompile Include="BaseDeviceExtension.cpp">
      <Filter>Source Files</Filter>
    </ClCompile>
    <ClCompile Include="Buffer.cpp">
      <Filter>Source Files</Filter>
    </ClCompile>
    <ClCompile Include="CounterIrp.cpp">
      <Filter>Source Files</Filter>
    </ClCompile>
    <ClCompile Include="DeviceRelations.cpp">
      <Filter>Source Files</Filter>
    </ClCompile>
    <ClCompile Include="FilterExtension.cpp">
      <Filter>Source Files</Filter>
    </ClCompile>
    <ClCompile Include="KEvent.cpp">
      <Filter>Source Files</Filter>
    </ClCompile>
    <ClCompile Include="list.cpp">
      <Filter>Source Files</Filter>
    </ClCompile>
    <ClCompile Include="lock.cpp">
      <Filter>Source Files</Filter>
    </ClCompile>
    <ClCompile Include="PagedLookasideList.cpp">
      <Filter>Source Files</Filter>
    </ClCompile>
    <ClCompile Include="PoolListDrv.cpp">
      <Filter>Source Files</Filter>
    </ClCompile>
    <ClCompile Include="PullBuffs.cpp">
      <Filter>Source Files</Filter>
    </ClCompile>
    <ClCompile Include="Registry.cpp">
      <Filter>Source Files</Filter>
    </ClCompile>
    <ClCompile Include="SecurityUtils.cpp">
      <Filter>Source Files</Filter>
    </ClCompile>
    <ClCompile Include="SystemEnum.cpp">
      <Filter>Source Files</Filter>
    </ClCompile>
    <ClCompile Include="Thread.cpp">
      <Filter>Source Files</Filter>
    </ClCompile>
    <ClCompile Include="Timer.cpp">
      <Filter>Source Files</Filter>
    </ClCompile>
    <ClCompile Include="UnicodeString.cpp">
      <Filter>Source Files</Filter>
    </ClCompile>
    <ClCompile Include="utils.cpp">
      <Filter>Source Files</Filter>
    </ClCompile>
    <ClCompile Include="WorkItem.cpp">
      <Filter>Source Files</Filter>
    </ClCompile>
  </ItemGroup>
  <ItemGroup>
    <ClInclude Include="ArrayT.h">
      <Filter>Header Files</Filter>
    </ClInclude>
    <ClInclude Include="BaseClass.h">
      <Filter>Header Files</Filter>
    </ClInclude>
    <ClInclude Include="BaseDeviceExtension.h">
      <Filter>Header Files</Filter>
    </ClInclude>
    <ClInclude Include="Buffer.h">
      <Filter>Header Files</Filter>
    </ClInclude>
    <ClInclude Include="CounterIrp.h">
      <Filter>Header Files</Filter>
    </ClInclude>
    <ClInclude Include="DeviceRelations.h">
      <Filter>Header Files</Filter>
    </ClInclude>
    <ClInclude Include="FilterExtension.h">
      <Filter>Header Files</Filter>
    </ClInclude>
    <ClInclude Include="intrusive_ptr.hpp">
      <Filter>Header Files</Filter>
    </ClInclude>
    <ClInclude Include="KEvent.h">
      <Filter>Header Files</Filter>
    </ClInclude>
    <ClInclude Include="list.h">
      <Filter>Header Files</Filter>
    </ClInclude>
    <ClInclude Include="lock.h">
      <Filter>Header Files</Filter>
    </ClInclude>
    <ClInclude Include="PagedLookasideList.h">
      <Filter>Header Files</Filter>
    </ClInclude>
    <ClInclude Include="PoolListDrv.h">
      <Filter>Header Files</Filter>
    </ClInclude>
    <ClInclude Include="PullBuffs.h">
      <Filter>Header Files</Filter>
    </ClInclude>
    <ClInclude Include="RefCounter.h">
      <Filter>Header Files</Filter>
    </ClInclude>
    <ClInclude Include="Registry.h">
      <Filter>Header Files</Filter>
    </ClInclude>
    <ClInclude Include="SecurityUtils.h">
      <Filter>Header Files</Filter>
    </ClInclude>
    <ClInclude Include="SystemEnum.h">
      <Filter>Header Files</Filter>
    </ClInclude>
    <ClInclude Include="Thread.h">
      <Filter>Header Files</Filter>
    </ClInclude>
    <ClInclude Include="Timer.h">
      <Filter>Header Files</Filter>
    </ClInclude>
    <ClInclude Include="UnicodeString.h">
      <Filter>Header Files</Filter>
    </ClInclude>
    <ClInclude Include="utils.h">
      <Filter>Header Files</Filter>
    </ClInclude>
    <ClInclude Include="WorkItem.h">
      <Filter>Header Files</Filter>
    </ClInclude>
  </ItemGroup>
</Project>